// !$*UTF8*$!
{
	archiveVersion = 1;
	classes = {
	};
	objectVersion = 46;
	objects = {

/* Begin PBXBuildFile section */
		DFE68B171D0851E400A9B6EF /* CinemaChallengeTests.swift in Sources */ = {isa = PBXBuildFile; fileRef = DFE68B161D0851E400A9B6EF /* CinemaChallengeTests.swift */; };
		DFE68B2A1D08525800A9B6EF /* AppDelegate.swift in Sources */ = {isa = PBXBuildFile; fileRef = DFE68B231D08525400A9B6EF /* AppDelegate.swift */; };
		DFE68B2B1D08525800A9B6EF /* MainViewController.swift in Sources */ = {isa = PBXBuildFile; fileRef = DFE68B241D08525400A9B6EF /* MainViewController.swift */; };
		DFE68B311D08527000A9B6EF /* Assets.xcassets in Resources */ = {isa = PBXBuildFile; fileRef = DFE68B2D1D08527000A9B6EF /* Assets.xcassets */; };
		DFE68B321D08527000A9B6EF /* LaunchScreen.storyboard in Resources */ = {isa = PBXBuildFile; fileRef = DFE68B2F1D08527000A9B6EF /* LaunchScreen.storyboard */; };
		DFE68B341D08527500A9B6EF /* MainView.xib in Resources */ = {isa = PBXBuildFile; fileRef = DFE68B331D08527500A9B6EF /* MainView.xib */; };
/* End PBXBuildFile section */

/* Begin PBXContainerItemProxy section */
		DFE68B131D0851E400A9B6EF /* PBXContainerItemProxy */ = {
			isa = PBXContainerItemProxy;
			containerPortal = DFE68AF61D0851E400A9B6EF /* Project object */;
			proxyType = 1;
			remoteGlobalIDString = DFE68AFD1D0851E400A9B6EF;
			remoteInfo = CinemaChallenge;
		};
/* End PBXContainerItemProxy section */

/* Begin PBXFileReference section */
		DFE68AFE1D0851E400A9B6EF /* CinemaChallenge.app */ = {isa = PBXFileReference; explicitFileType = wrapper.application; includeInIndex = 0; path = CinemaChallenge.app; sourceTree = BUILT_PRODUCTS_DIR; };
		DFE68B121D0851E400A9B6EF /* CinemaChallengeTests.xctest */ = {isa = PBXFileReference; explicitFileType = wrapper.cfbundle; includeInIndex = 0; path = CinemaChallengeTests.xctest; sourceTree = BUILT_PRODUCTS_DIR; };
		DFE68B161D0851E400A9B6EF /* CinemaChallengeTests.swift */ = {isa = PBXFileReference; lastKnownFileType = sourcecode.swift; path = CinemaChallengeTests.swift; sourceTree = "<group>"; };
		DFE68B181D0851E400A9B6EF /* Info.plist */ = {isa = PBXFileReference; lastKnownFileType = text.plist.xml; path = Info.plist; sourceTree = "<group>"; };
		DFE68B231D08525400A9B6EF /* AppDelegate.swift */ = {isa = PBXFileReference; lastKnownFileType = sourcecode.swift; path = AppDelegate.swift; sourceTree = "<group>"; };
		DFE68B241D08525400A9B6EF /* MainViewController.swift */ = {isa = PBXFileReference; lastKnownFileType = sourcecode.swift; path = MainViewController.swift; sourceTree = "<group>"; };
		DFE68B291D08525400A9B6EF /* Info.plist */ = {isa = PBXFileReference; lastKnownFileType = text.plist.xml; path = Info.plist; sourceTree = "<group>"; };
		DFE68B2D1D08527000A9B6EF /* Assets.xcassets */ = {isa = PBXFileReference; lastKnownFileType = folder.assetcatalog; path = Assets.xcassets; sourceTree = "<group>"; };
		DFE68B2F1D08527000A9B6EF /* LaunchScreen.storyboard */ = {isa = PBXFileReference; fileEncoding = 4; lastKnownFileType = file.storyboard; path = LaunchScreen.storyboard; sourceTree = "<group>"; };
		DFE68B331D08527500A9B6EF /* MainView.xib */ = {isa = PBXFileReference; fileEncoding = 4; lastKnownFileType = file.xib; path = MainView.xib; sourceTree = "<group>"; };
/* End PBXFileReference section */

/* Begin PBXFrameworksBuildPhase section */
		DFE68AFB1D0851E400A9B6EF /* Frameworks */ = {
			isa = PBXFrameworksBuildPhase;
			buildActionMask = 2147483647;
			files = (
			);
			runOnlyForDeploymentPostprocessing = 0;
		};
		DFE68B0F1D0851E400A9B6EF /* Frameworks */ = {
			isa = PBXFrameworksBuildPhase;
			buildActionMask = 2147483647;
			files = (
			);
			runOnlyForDeploymentPostprocessing = 0;
		};
/* End PBXFrameworksBuildPhase section */

/* Begin PBXGroup section */
		23A65C821EF7EB94739DAC5B /* Frameworks */ = {
			isa = PBXGroup;
			children = (
			);
			name = Frameworks;
			sourceTree = "<group>";
		};
		DFE68AF51D0851E400A9B6EF = {
			isa = PBXGroup;
			children = (
				DFE68B001D0851E400A9B6EF /* CinemaChallenge */,
				DFE68B151D0851E400A9B6EF /* CinemaChallengeTests */,
				DFE68AFF1D0851E400A9B6EF /* Products */,
				23A65C821EF7EB94739DAC5B /* Frameworks */,
			);
			sourceTree = "<group>";
		};
		DFE68AFF1D0851E400A9B6EF /* Products */ = {
			isa = PBXGroup;
			children = (
				DFE68AFE1D0851E400A9B6EF /* CinemaChallenge.app */,
				DFE68B121D0851E400A9B6EF /* CinemaChallengeTests.xctest */,
			);
			name = Products;
			sourceTree = "<group>";
		};
		DFE68B001D0851E400A9B6EF /* CinemaChallenge */ = {
			isa = PBXGroup;
			children = (
				DFE68B211D08525400A9B6EF /* Classes */,
				DFE68B251D08525400A9B6EF /* Resouces */,
				DFE68B281D08525400A9B6EF /* Supporting Files */,
			);
			path = CinemaChallenge;
			sourceTree = "<group>";
		};
		DFE68B151D0851E400A9B6EF /* CinemaChallengeTests */ = {
			isa = PBXGroup;
			children = (
				DFE68B161D0851E400A9B6EF /* CinemaChallengeTests.swift */,
				DFE68B181D0851E400A9B6EF /* Info.plist */,
			);
			path = CinemaChallengeTests;
			sourceTree = "<group>";
		};
		DFE68B211D08525400A9B6EF /* Classes */ = {
			isa = PBXGroup;
			children = (
				DFE68B221D08525400A9B6EF /* Main */,
			);
			path = Classes;
			sourceTree = "<group>";
		};
		DFE68B221D08525400A9B6EF /* Main */ = {
			isa = PBXGroup;
			children = (
				DFE68B231D08525400A9B6EF /* AppDelegate.swift */,
				DFE68B241D08525400A9B6EF /* MainViewController.swift */,
			);
			path = Main;
			sourceTree = "<group>";
		};
		DFE68B251D08525400A9B6EF /* Resouces */ = {
			isa = PBXGroup;
			children = (
				DFE68B2C1D08527000A9B6EF /* Images */,
				DFE68B2E1D08527000A9B6EF /* Storyboards */,
				DFE68B301D08527000A9B6EF /* XIB */,
			);
			path = Resouces;
			sourceTree = "<group>";
		};
		DFE68B281D08525400A9B6EF /* Supporting Files */ = {
			isa = PBXGroup;
			children = (
				DFE68B291D08525400A9B6EF /* Info.plist */,
			);
			path = "Supporting Files";
			sourceTree = "<group>";
		};
		DFE68B2C1D08527000A9B6EF /* Images */ = {
			isa = PBXGroup;
			children = (
				DFE68B2D1D08527000A9B6EF /* Assets.xcassets */,
			);
			path = Images;
			sourceTree = "<group>";
		};
		DFE68B2E1D08527000A9B6EF /* Storyboards */ = {
			isa = PBXGroup;
			children = (
				DFE68B2F1D08527000A9B6EF /* LaunchScreen.storyboard */,
			);
			path = Storyboards;
			sourceTree = "<group>";
		};
		DFE68B301D08527000A9B6EF /* XIB */ = {
			isa = PBXGroup;
			children = (
				DFE68B331D08527500A9B6EF /* MainView.xib */,
			);
			path = XIB;
			sourceTree = "<group>";
		};
/* End PBXGroup section */

/* Begin PBXNativeTarget section */
		DFE68AFD1D0851E400A9B6EF /* CinemaChallenge */ = {
			isa = PBXNativeTarget;
			buildConfigurationList = DFE68B1B1D0851E400A9B6EF /* Build configuration list for PBXNativeTarget "CinemaChallenge" */;
			buildPhases = (
				DFE68AFA1D0851E400A9B6EF /* Sources */,
				DFE68AFB1D0851E400A9B6EF /* Frameworks */,
				DFE68AFC1D0851E400A9B6EF /* Resources */,
			);
			buildRules = (
			);
			dependencies = (
			);
			name = CinemaChallenge;
			productName = CinemaChallenge;
			productReference = DFE68AFE1D0851E400A9B6EF /* CinemaChallenge.app */;
			productType = "com.apple.product-type.application";
		};
		DFE68B111D0851E400A9B6EF /* CinemaChallengeTests */ = {
			isa = PBXNativeTarget;
			buildConfigurationList = DFE68B1E1D0851E400A9B6EF /* Build configuration list for PBXNativeTarget "CinemaChallengeTests" */;
			buildPhases = (
				DFE68B0E1D0851E400A9B6EF /* Sources */,
				DFE68B0F1D0851E400A9B6EF /* Frameworks */,
				DFE68B101D0851E400A9B6EF /* Resources */,
			);
			buildRules = (
			);
			dependencies = (
				DFE68B141D0851E400A9B6EF /* PBXTargetDependency */,
			);
			name = CinemaChallengeTests;
			productName = CinemaChallengeTests;
			productReference = DFE68B121D0851E400A9B6EF /* CinemaChallengeTests.xctest */;
			productType = "com.apple.product-type.bundle.unit-test";
		};
/* End PBXNativeTarget section */

/* Begin PBXProject section */
		DFE68AF61D0851E400A9B6EF /* Project object */ = {
			isa = PBXProject;
			attributes = {
				LastSwiftUpdateCheck = 0730;
				LastUpgradeCheck = 0900;
				ORGANIZATIONNAME = "E-sites";
				TargetAttributes = {
					DFE68AFD1D0851E400A9B6EF = {
						CreatedOnToolsVersion = 7.3.1;
						LastSwiftMigration = 0810;
					};
					DFE68B111D0851E400A9B6EF = {
						CreatedOnToolsVersion = 7.3.1;
						LastSwiftMigration = 0810;
						TestTargetID = DFE68AFD1D0851E400A9B6EF;
					};
				};
			};
			buildConfigurationList = DFE68AF91D0851E400A9B6EF /* Build configuration list for PBXProject "CinemaChallenge" */;
			compatibilityVersion = "Xcode 3.2";
			developmentRegion = English;
			hasScannedForEncodings = 0;
			knownRegions = (
				en,
				Base,
			);
			mainGroup = DFE68AF51D0851E400A9B6EF;
			productRefGroup = DFE68AFF1D0851E400A9B6EF /* Products */;
			projectDirPath = "";
			projectRoot = "";
			targets = (
				DFE68AFD1D0851E400A9B6EF /* CinemaChallenge */,
				DFE68B111D0851E400A9B6EF /* CinemaChallengeTests */,
			);
		};
/* End PBXProject section */

/* Begin PBXResourcesBuildPhase section */
		DFE68AFC1D0851E400A9B6EF /* Resources */ = {
			isa = PBXResourcesBuildPhase;
			buildActionMask = 2147483647;
			files = (
				DFE68B341D08527500A9B6EF /* MainView.xib in Resources */,
				DFE68B311D08527000A9B6EF /* Assets.xcassets in Resources */,
				DFE68B321D08527000A9B6EF /* LaunchScreen.storyboard in Resources */,
			);
			runOnlyForDeploymentPostprocessing = 0;
		};
		DFE68B101D0851E400A9B6EF /* Resources */ = {
			isa = PBXResourcesBuildPhase;
			buildActionMask = 2147483647;
			files = (
			);
			runOnlyForDeploymentPostprocessing = 0;
		};
/* End PBXResourcesBuildPhase section */

/* Begin PBXSourcesBuildPhase section */
		DFE68AFA1D0851E400A9B6EF /* Sources */ = {
			isa = PBXSourcesBuildPhase;
			buildActionMask = 2147483647;
			files = (
				DFE68B2A1D08525800A9B6EF /* AppDelegate.swift in Sources */,
				DFE68B2B1D08525800A9B6EF /* MainViewController.swift in Sources */,
			);
			runOnlyForDeploymentPostprocessing = 0;
		};
		DFE68B0E1D0851E400A9B6EF /* Sources */ = {
			isa = PBXSourcesBuildPhase;
			buildActionMask = 2147483647;
			files = (
				DFE68B171D0851E400A9B6EF /* CinemaChallengeTests.swift in Sources */,
			);
			runOnlyForDeploymentPostprocessing = 0;
		};
/* End PBXSourcesBuildPhase section */

/* Begin PBXTargetDependency section */
		DFE68B141D0851E400A9B6EF /* PBXTargetDependency */ = {
			isa = PBXTargetDependency;
			target = DFE68AFD1D0851E400A9B6EF /* CinemaChallenge */;
			targetProxy = DFE68B131D0851E400A9B6EF /* PBXContainerItemProxy */;
		};
/* End PBXTargetDependency section */

/* Begin XCBuildConfiguration section */
		DFE68B191D0851E400A9B6EF /* Debug */ = {
			isa = XCBuildConfiguration;
			buildSettings = {
				ALWAYS_SEARCH_USER_PATHS = NO;
				CLANG_ANALYZER_NONNULL = YES;
				CLANG_CXX_LANGUAGE_STANDARD = "gnu++0x";
				CLANG_CXX_LIBRARY = "libc++";
				CLANG_ENABLE_MODULES = YES;
				CLANG_ENABLE_OBJC_ARC = YES;
				CLANG_WARN_BLOCK_CAPTURE_AUTORELEASING = YES;
				CLANG_WARN_BOOL_CONVERSION = YES;
				CLANG_WARN_COMMA = YES;
				CLANG_WARN_CONSTANT_CONVERSION = YES;
				CLANG_WARN_DIRECT_OBJC_ISA_USAGE = YES_ERROR;
				CLANG_WARN_EMPTY_BODY = YES;
				CLANG_WARN_ENUM_CONVERSION = YES;
				CLANG_WARN_INFINITE_RECURSION = YES;
				CLANG_WARN_INT_CONVERSION = YES;
				CLANG_WARN_NON_LITERAL_NULL_CONVERSION = YES;
				CLANG_WARN_OBJC_LITERAL_CONVERSION = YES;
				CLANG_WARN_OBJC_ROOT_CLASS = YES_ERROR;
				CLANG_WARN_RANGE_LOOP_ANALYSIS = YES;
				CLANG_WARN_STRICT_PROTOTYPES = YES;
				CLANG_WARN_SUSPICIOUS_MOVE = YES;
				CLANG_WARN_UNREACHABLE_CODE = YES;
				CLANG_WARN__DUPLICATE_METHOD_MATCH = YES;
				COPY_PHASE_STRIP = NO;
				DEBUG_INFORMATION_FORMAT = dwarf;
				ENABLE_STRICT_OBJC_MSGSEND = YES;
				ENABLE_TESTABILITY = YES;
				GCC_C_LANGUAGE_STANDARD = gnu99;
				GCC_DYNAMIC_NO_PIC = NO;
				GCC_NO_COMMON_BLOCKS = YES;
				GCC_OPTIMIZATION_LEVEL = 0;
				GCC_PREPROCESSOR_DEFINITIONS = (
					"DEBUG=1",
					"$(inherited)",
				);
				GCC_WARN_64_TO_32_BIT_CONVERSION = YES;
				GCC_WARN_ABOUT_RETURN_TYPE = YES_ERROR;
				GCC_WARN_UNDECLARED_SELECTOR = YES;
				GCC_WARN_UNINITIALIZED_AUTOS = YES_AGGRESSIVE;
				GCC_WARN_UNUSED_FUNCTION = YES;
				GCC_WARN_UNUSED_VARIABLE = YES;
				IPHONEOS_DEPLOYMENT_TARGET = 11.0;
				MTL_ENABLE_DEBUG_INFO = YES;
				ONLY_ACTIVE_ARCH = YES;
				SDKROOT = iphoneos;
				SWIFT_OPTIMIZATION_LEVEL = "-Onone";
				SWIFT_VERSION = 4.0;
			};
			name = Debug;
		};
		DFE68B1A1D0851E400A9B6EF /* Release */ = {
			isa = XCBuildConfiguration;
			buildSettings = {
				ALWAYS_SEARCH_USER_PATHS = NO;
				CLANG_ANALYZER_NONNULL = YES;
				CLANG_CXX_LANGUAGE_STANDARD = "gnu++0x";
				CLANG_CXX_LIBRARY = "libc++";
				CLANG_ENABLE_MODULES = YES;
				CLANG_ENABLE_OBJC_ARC = YES;
				CLANG_WARN_BLOCK_CAPTURE_AUTORELEASING = YES;
				CLANG_WARN_BOOL_CONVERSION = YES;
				CLANG_WARN_COMMA = YES;
				CLANG_WARN_CONSTANT_CONVERSION = YES;
				CLANG_WARN_DIRECT_OBJC_ISA_USAGE = YES_ERROR;
				CLANG_WARN_EMPTY_BODY = YES;
				CLANG_WARN_ENUM_CONVERSION = YES;
				CLANG_WARN_INFINITE_RECURSION = YES;
				CLANG_WARN_INT_CONVERSION = YES;
				CLANG_WARN_NON_LITERAL_NULL_CONVERSION = YES;
				CLANG_WARN_OBJC_LITERAL_CONVERSION = YES;
				CLANG_WARN_OBJC_ROOT_CLASS = YES_ERROR;
				CLANG_WARN_RANGE_LOOP_ANALYSIS = YES;
				CLANG_WARN_STRICT_PROTOTYPES = YES;
				CLANG_WARN_SUSPICIOUS_MOVE = YES;
				CLANG_WARN_UNREACHABLE_CODE = YES;
				CLANG_WARN__DUPLICATE_METHOD_MATCH = YES;
				COPY_PHASE_STRIP = NO;
				DEBUG_INFORMATION_FORMAT = "dwarf-with-dsym";
				ENABLE_NS_ASSERTIONS = NO;
				ENABLE_STRICT_OBJC_MSGSEND = YES;
				GCC_C_LANGUAGE_STANDARD = gnu99;
				GCC_NO_COMMON_BLOCKS = YES;
				GCC_WARN_64_TO_32_BIT_CONVERSION = YES;
				GCC_WARN_ABOUT_RETURN_TYPE = YES_ERROR;
				GCC_WARN_UNDECLARED_SELECTOR = YES;
				GCC_WARN_UNINITIALIZED_AUTOS = YES_AGGRESSIVE;
				GCC_WARN_UNUSED_FUNCTION = YES;
				GCC_WARN_UNUSED_VARIABLE = YES;
				IPHONEOS_DEPLOYMENT_TARGET = 11.0;
				MTL_ENABLE_DEBUG_INFO = NO;
				SDKROOT = iphoneos;
				SWIFT_OPTIMIZATION_LEVEL = "-Owholemodule";
				SWIFT_VERSION = 4.0;
				VALIDATE_PRODUCT = YES;
			};
			name = Release;
		};
		DFE68B1C1D0851E400A9B6EF /* Debug */ = {
			isa = XCBuildConfiguration;
			buildSettings = {
				ASSETCATALOG_COMPILER_APPICON_NAME = AppIcon;
				INFOPLIST_FILE = "CinemaChallenge/Supporting Files/Info.plist";
				LD_RUNPATH_SEARCH_PATHS = "$(inherited) @executable_path/Frameworks";
				PRODUCT_BUNDLE_IDENTIFIER = com.esites.cinemachallenge;
				PRODUCT_NAME = "$(TARGET_NAME)";
				TARGETED_DEVICE_FAMILY = "1,2";
			};
			name = Debug;
		};
		DFE68B1D1D0851E400A9B6EF /* Release */ = {
			isa = XCBuildConfiguration;
			buildSettings = {
				ASSETCATALOG_COMPILER_APPICON_NAME = AppIcon;
				INFOPLIST_FILE = "CinemaChallenge/Supporting Files/Info.plist";
				LD_RUNPATH_SEARCH_PATHS = "$(inherited) @executable_path/Frameworks";
				PRODUCT_BUNDLE_IDENTIFIER = com.esites.cinemachallenge;
				PRODUCT_NAME = "$(TARGET_NAME)";
				TARGETED_DEVICE_FAMILY = "1,2";
			};
			name = Release;
		};
		DFE68B1F1D0851E400A9B6EF /* Debug */ = {
			isa = XCBuildConfiguration;
			buildSettings = {
				BUNDLE_LOADER = "$(TEST_HOST)";
				INFOPLIST_FILE = CinemaChallengeTests/Info.plist;
				LD_RUNPATH_SEARCH_PATHS = "$(inherited) @executable_path/Frameworks @loader_path/Frameworks";
				PRODUCT_BUNDLE_IDENTIFIER = com.esites.CinemaChallengeTests;
				PRODUCT_NAME = "$(TARGET_NAME)";
				TEST_HOST = "$(BUILT_PRODUCTS_DIR)/CinemaChallenge.app/CinemaChallenge";
			};
			name = Debug;
		};
		DFE68B201D0851E400A9B6EF /* Release */ = {
			isa = XCBuildConfiguration;
			buildSettings = {
				BUNDLE_LOADER = "$(TEST_HOST)";
				INFOPLIST_FILE = CinemaChallengeTests/Info.plist;
				LD_RUNPATH_SEARCH_PATHS = "$(inherited) @executable_path/Frameworks @loader_path/Frameworks";
				PRODUCT_BUNDLE_IDENTIFIER = com.esites.CinemaChallengeTests;
				PRODUCT_NAME = "$(TARGET_NAME)";
				TEST_HOST = "$(BUILT_PRODUCTS_DIR)/CinemaChallenge.app/CinemaChallenge";
			};
			name = Release;
		};
/* End XCBuildConfiguration section */

/* Begin XCConfigurationList section */
		DFE68AF91D0851E400A9B6EF /* Build configuration list for PBXProject "CinemaChallenge" */ = {
			isa = XCConfigurationList;
			buildConfigurations = (
				DFE68B191D0851E400A9B6EF /* Debug */,
				DFE68B1A1D0851E400A9B6EF /* Release */,
			);
			defaultConfigurationIsVisible = 0;
			defaultConfigurationName = Release;
		};
		DFE68B1B1D0851E400A9B6EF /* Build configuration list for PBXNativeTarget "CinemaChallenge" */ = {
			isa = XCConfigurationList;
			buildConfigurations = (
				DFE68B1C1D0851E400A9B6EF /* Debug */,
				DFE68B1D1D0851E400A9B6EF /* Release */,
			);
			defaultConfigurationIsVisible = 0;
			defaultConfigurationName = Release;
		};
		DFE68B1E1D0851E400A9B6EF /* Build configuration list for PBXNativeTarget "CinemaChallengeTests" */ = {
			isa = XCConfigurationList;
			buildConfigurations = (
				DFE68B1F1D0851E400A9B6EF /* Debug */,
				DFE68B201D0851E400A9B6EF /* Release */,
			);
			defaultConfigurationIsVisible = 0;
			defaultConfigurationName = Release;
		};
/* End XCConfigurationList section */
	};
	rootObject = DFE68AF61D0851E400A9B6EF /* Project object */;
}
